
Microsoft Visual Studio Solution File, Format Version 12.00
# Visual Studio Version 17
VisualStudioVersion = 17.9.34701.34
MinimumVisualStudioVersion = 10.0.40219.1
Project("{FAE04EC0-301F-11D3-BF4B-00C04F79EFBC}") = "UdeM_Reportes.Module", "UdeM_Reportes.Module\UdeM_Reportes.Module.csproj", "{F2041142-AEC8-45D2-8AE8-95566296BB82}"
EndProject
Project("{FAE04EC0-301F-11D3-BF4B-00C04F79EFBC}") = "UdeM_Reportes.Module.Win", "UdeM_Reportes.Module.Win\UdeM_Reportes.Module.Win.csproj", "{789C6919-C7CA-491A-8D41-80BB25430E55}"
EndProject
Project("{FAE04EC0-301F-11D3-BF4B-00C04F79EFBC}") = "UdeM_Reportes.Win", "UdeM_Reportes.Win\UdeM_Reportes.Win.csproj", "{41674F51-47C4-4152-9953-4D2863EE855F}"
EndProject
Global
	GlobalSection(SolutionConfigurationPlatforms) = preSolution
		Debug|Any CPU = Debug|Any CPU
		EasyTest|Any CPU = EasyTest|Any CPU
		Release|Any CPU = Release|Any CPU
	EndGlobalSection
	GlobalSection(ProjectConfigurationPlatforms) = postSolution
		{F2041142-AEC8-45D2-8AE8-95566296BB82}.Debug|Any CPU.ActiveCfg = Debug|Any CPU
		{F2041142-AEC8-45D2-8AE8-95566296BB82}.Debug|Any CPU.Build.0 = Debug|Any CPU
		{F2041142-AEC8-45D2-8AE8-95566296BB82}.EasyTest|Any CPU.ActiveCfg = EasyTest|Any CPU
		{F2041142-AEC8-45D2-8AE8-95566296BB82}.EasyTest|Any CPU.Build.0 = EasyTest|Any CPU
		{F2041142-AEC8-45D2-8AE8-95566296BB82}.Release|Any CPU.ActiveCfg = Release|Any CPU
		{F2041142-AEC8-45D2-8AE8-95566296BB82}.Release|Any CPU.Build.0 = Release|Any CPU
		{789C6919-C7CA-491A-8D41-80BB25430E55}.Debug|Any CPU.ActiveCfg = Debug|Any CPU
		{789C6919-C7CA-491A-8D41-80BB25430E55}.Debug|Any CPU.Build.0 = Debug|Any CPU
		{789C6919-C7CA-491A-8D41-80BB25430E55}.EasyTest|Any CPU.ActiveCfg = EasyTest|Any CPU
		{789C6919-C7CA-491A-8D41-80BB25430E55}.EasyTest|Any CPU.Build.0 = EasyTest|Any CPU
		{789C6919-C7CA-491A-8D41-80BB25430E55}.Release|Any CPU.ActiveCfg = Release|Any CPU
		{789C6919-C7CA-491A-8D41-80BB25430E55}.Release|Any CPU.Build.0 = Release|Any CPU
		{41674F51-47C4-4152-9953-4D2863EE855F}.Debug|Any CPU.ActiveCfg = Debug|Any CPU
		{41674F51-47C4-4152-9953-4D2863EE855F}.Debug|Any CPU.Build.0 = Debug|Any CPU
		{41674F51-47C4-4152-9953-4D2863EE855F}.EasyTest|Any CPU.ActiveCfg = EasyTest|Any CPU
		{41674F51-47C4-4152-9953-4D2863EE855F}.EasyTest|Any CPU.Build.0 = EasyTest|Any CPU
		{41674F51-47C4-4152-9953-4D2863EE855F}.Release|Any CPU.ActiveCfg = Release|Any CPU
		{41674F51-47C4-4152-9953-4D2863EE855F}.Release|Any CPU.Build.0 = Release|Any CPU
	EndGlobalSection
	GlobalSection(SolutionProperties) = preSolution
		HideSolutionNode = FALSE
	EndGlobalSection
EndGlobal
